
Microsoft Visual Studio Solution File, Format Version 12.00
# Visual Studio Version 17
VisualStudioVersion = 17.13.35825.156 d17.13
MinimumVisualStudioVersion = 10.0.40219.1
Project("{FAE04EC0-301F-11D3-BF4B-00C04F79EFBC}") = "SerialSender", "SerialSender\SerialSender.csproj", "{577C2595-D032-43EA-A648-9331E1660EBE}"
EndProject
Global
	GlobalSection(SolutionConfigurationPlatforms) = preSolution
		Debug|Any CPU = Debug|Any CPU
		Release|Any CPU = Release|Any CPU
	EndGlobalSection
	GlobalSection(ProjectConfigurationPlatforms) = postSolution
		{577C2595-D032-43EA-A648-9331E1660EBE}.Debug|Any CPU.ActiveCfg = Debug|Any CPU
		{577C2595-D032-43EA-A648-9331E1660EBE}.Debug|Any CPU.Build.0 = Debug|Any CPU
		{577C2595-D032-43EA-A648-9331E1660EBE}.Release|Any CPU.ActiveCfg = Release|Any CPU
		{577C2595-D032-43EA-A648-9331E1660EBE}.Release|Any CPU.Build.0 = Release|Any CPU
	EndGlobalSection
	GlobalSection(SolutionProperties) = preSolution
		HideSolutionNode = FALSE
	EndGlobalSection
	GlobalSection(ExtensibilityGlobals) = postSolution
		SolutionGuid = {788D0084-2B7C-4685-BB14-175734FE5DF7}
	EndGlobalSection
EndGlobal
